
Microsoft Visual Studio Solution File, Format Version 10.00
# Visual Studio 2008
Project("{F184B08F-C81C-45F6-A57F-5ABD9991F28F}") = "obd", "centrafusex\obd.vbproj", "{066D9FAB-59B4-4FD8-9F6E-9B8C8515C9E9}"
EndProject
Project("{F184B08F-C81C-45F6-A57F-5ABD9991F28F}") = "HelloWorld", "..\..\..\..\..\..\Program Files (x86)\Centrafuse\Centrafuse 3.0 SDK\Win32\Examples\Source\Plugins\VB\HelloWorld\HelloWorld.vbproj", "{BB2F25CB-6447-4B8D-A98C-4BD959B64009}"
EndProject
Global
	GlobalSection(SolutionConfigurationPlatforms) = preSolution
		Debug|Any CPU = Debug|Any CPU
		Release|Any CPU = Release|Any CPU
	EndGlobalSection
	GlobalSection(ProjectConfigurationPlatforms) = postSolution
		{066D9FAB-59B4-4FD8-9F6E-9B8C8515C9E9}.Debug|Any CPU.ActiveCfg = Debug|Any CPU
		{066D9FAB-59B4-4FD8-9F6E-9B8C8515C9E9}.Debug|Any CPU.Build.0 = Debug|Any CPU
		{066D9FAB-59B4-4FD8-9F6E-9B8C8515C9E9}.Release|Any CPU.ActiveCfg = Release|Any CPU
		{066D9FAB-59B4-4FD8-9F6E-9B8C8515C9E9}.Release|Any CPU.Build.0 = Release|Any CPU
		{BB2F25CB-6447-4B8D-A98C-4BD959B64009}.Debug|Any CPU.ActiveCfg = Debug|Any CPU
		{BB2F25CB-6447-4B8D-A98C-4BD959B64009}.Debug|Any CPU.Build.0 = Debug|Any CPU
		{BB2F25CB-6447-4B8D-A98C-4BD959B64009}.Release|Any CPU.ActiveCfg = Release|Any CPU
		{BB2F25CB-6447-4B8D-A98C-4BD959B64009}.Release|Any CPU.Build.0 = Release|Any CPU
	EndGlobalSection
	GlobalSection(SolutionProperties) = preSolution
		HideSolutionNode = FALSE
	EndGlobalSection
EndGlobal
